// !$*UTF8*$!
{
	archiveVersion = 1;
	classes = {
	};
	objectVersion = 46;
	objects = {

/* Begin PBXBuildFile section */
		5618F7CC1C3FA77A008F1563 /* main.m in Sources */ = {isa = PBXBuildFile; fileRef = 5618F7CB1C3FA77A008F1563 /* main.m */; };
		5618F7CF1C3FA77A008F1563 /* AppDelegate.m in Sources */ = {isa = PBXBuildFile; fileRef = 5618F7CE1C3FA77A008F1563 /* AppDelegate.m */; };
		5618F7D21C3FA77A008F1563 /* ViewController.m in Sources */ = {isa = PBXBuildFile; fileRef = 5618F7D11C3FA77A008F1563 /* ViewController.m */; };
		5618F7D51C3FA77A008F1563 /* Main.storyboard in Resources */ = {isa = PBXBuildFile; fileRef = 5618F7D31C3FA77A008F1563 /* Main.storyboard */; };
		5618F7D71C3FA77A008F1563 /* Assets.xcassets in Resources */ = {isa = PBXBuildFile; fileRef = 5618F7D61C3FA77A008F1563 /* Assets.xcassets */; };
		5618F7DA1C3FA77A008F1563 /* LaunchScreen.storyboard in Resources */ = {isa = PBXBuildFile; fileRef = 5618F7D81C3FA77A008F1563 /* LaunchScreen.storyboard */; };
/* End PBXBuildFile section */

/* Begin PBXFileReference section */
		5618F7C71C3FA77A008F1563 /* WeiboDemo.app */ = {isa = PBXFileReference; explicitFileType = wrapper.application; includeInIndex = 0; path = WeiboDemo.app; sourceTree = BUILT_PRODUCTS_DIR; };
		5618F7CB1C3FA77A008F1563 /* main.m */ = {isa = PBXFileReference; lastKnownFileType = sourcecode.c.objc; path = main.m; sourceTree = "<group>"; };
		5618F7CD1C3FA77A008F1563 /* AppDelegate.h */ = {isa = PBXFileReference; lastKnownFileType = sourcecode.c.h; path = AppDelegate.h; sourceTree = "<group>"; };
		5618F7CE1C3FA77A008F1563 /* AppDelegate.m */ = {isa = PBXFileReference; lastKnownFileType = sourcecode.c.objc; path = AppDelegate.m; sourceTree = "<group>"; };
		5618F7D01C3FA77A008F1563 /* ViewController.h */ = {isa = PBXFileReference; lastKnownFileType = sourcecode.c.h; path = ViewController.h; sourceTree = "<group>"; };
		5618F7D11C3FA77A008F1563 /* ViewController.m */ = {isa = PBXFileReference; lastKnownFileType = sourcecode.c.objc; path = ViewController.m; sourceTree = "<group>"; };
		5618F7D41C3FA77A008F1563 /* Base */ = {isa = PBXFileReference; lastKnownFileType = file.storyboard; name = Base; path = Base.lproj/Main.storyboard; sourceTree = "<group>"; };
		5618F7D61C3FA77A008F1563 /* Assets.xcassets */ = {isa = PBXFileReference; lastKnownFileType = folder.assetcatalog; path = Assets.xcassets; sourceTree = "<group>"; };
		5618F7D91C3FA77A008F1563 /* Base */ = {isa = PBXFileReference; lastKnownFileType = file.storyboard; name = Base; path = Base.lproj/LaunchScreen.storyboard; sourceTree = "<group>"; };
		5618F7DB1C3FA77B008F1563 /* Info.plist */ = {isa = PBXFileReference; lastKnownFileType = text.plist.xml; path = Info.plist; sourceTree = "<group>"; };
/* End PBXFileReference section */

/* Begin PBXFrameworksBuildPhase section */
		5618F7C41C3FA77A008F1563 /* Frameworks */ = {
			isa = PBXFrameworksBuildPhase;
			buildActionMask = 2147483647;
			files = (
			);
			runOnlyForDeploymentPostprocessing = 0;
		};
/* End PBXFrameworksBuildPhase section */

/* Begin PBXGroup section */
		5618F7BE1C3FA77A008F1563 = {
			isa = PBXGroup;
			children = (
				5618F7C91C3FA77A008F1563 /* WeiboDemo */,
				5618F7C81C3FA77A008F1563 /* Products */,
			);
			sourceTree = "<group>";
		};
		5618F7C81C3FA77A008F1563 /* Products */ = {
			isa = PBXGroup;
			children = (
				5618F7C71C3FA77A008F1563 /* WeiboDemo.app */,
			);
			name = Products;
			sourceTree = "<group>";
		};
		5618F7C91C3FA77A008F1563 /* WeiboDemo */ = {
			isa = PBXGroup;
			children = (
				5618F7CD1C3FA77A008F1563 /* AppDelegate.h */,
				5618F7CE1C3FA77A008F1563 /* AppDelegate.m */,
				5618F7D01C3FA77A008F1563 /* ViewController.h */,
				5618F7D11C3FA77A008F1563 /* ViewController.m */,
				5618F7D31C3FA77A008F1563 /* Main.storyboard */,
				5618F7D61C3FA77A008F1563 /* Assets.xcassets */,
				5618F7D81C3FA77A008F1563 /* LaunchScreen.storyboard */,
				5618F7DB1C3FA77B008F1563 /* Info.plist */,
				5618F7CA1C3FA77A008F1563 /* Supporting Files */,
			);
			path = WeiboDemo;
			sourceTree = "<group>";
		};
		5618F7CA1C3FA77A008F1563 /* Supporting Files */ = {
			isa = PBXGroup;
			children = (
				5618F7CB1C3FA77A008F1563 /* main.m */,
			);
			name = "Supporting Files";
			sourceTree = "<group>";
		};
/* End PBXGroup section */

/* Begin PBXNativeTarget section */
		5618F7C61C3FA77A008F1563 /* WeiboDemo */ = {
			isa = PBXNativeTarget;
			buildConfigurationList = 5618F7DE1C3FA77B008F1563 /* Build configuration list for PBXNativeTarget "WeiboDemo" */;
			buildPhases = (
				5618F7C31C3FA77A008F1563 /* Sources */,
				5618F7C41C3FA77A008F1563 /* Frameworks */,
				5618F7C51C3FA77A008F1563 /* Resources */,
			);
			buildRules = (
			);
			dependencies = (
			);
			name = WeiboDemo;
			productName = WeiboDemo;
			productReference = 5618F7C71C3FA77A008F1563 /* WeiboDemo.app */;
			productType = "com.apple.product-type.application";
		};
/* End PBXNativeTarget section */

/* Begin PBXProject section */
		5618F7BF1C3FA77A008F1563 /* Project object */ = {
			isa = PBXProject;
			attributes = {
				LastUpgradeCheck = 0720;
				ORGANIZATIONNAME = "ten-step";
				TargetAttributes = {
					5618F7C61C3FA77A008F1563 = {
						CreatedOnToolsVersion = 7.2;
						DevelopmentTeam = RF5FKDJ4K4;
					};
				};
			};
			buildConfigurationList = 5618F7C21C3FA77A008F1563 /* Build configuration list for PBXProject "WeiboDemo" */;
			compatibilityVersion = "Xcode 3.2";
			developmentRegion = English;
			hasScannedForEncodings = 0;
			knownRegions = (
				en,
				Base,
			);
			mainGroup = 5618F7BE1C3FA77A008F1563;
			productRefGroup = 5618F7C81C3FA77A008F1563 /* Products */;
			projectDirPath = "";
			projectRoot = "";
			targets = (
				5618F7C61C3FA77A008F1563 /* WeiboDemo */,
			);
		};
/* End PBXProject section */

/* Begin PBXResourcesBuildPhase section */
		5618F7C51C3FA77A008F1563 /* Resources */ = {
			isa = PBXResourcesBuildPhase;
			buildActionMask = 2147483647;
			files = (
				5618F7DA1C3FA77A008F1563 /* LaunchScreen.storyboard in Resources */,
				5618F7D71C3FA77A008F1563 /* Assets.xcassets in Resources */,
				5618F7D51C3FA77A008F1563 /* Main.storyboard in Resources */,
			);
			runOnlyForDeploymentPostprocessing = 0;
		};
/* End PBXResourcesBuildPhase section */

/* Begin PBXSourcesBuildPhase section */
		5618F7C31C3FA77A008F1563 /* Sources */ = {
			isa = PBXSourcesBuildPhase;
			buildActionMask = 2147483647;
			files = (
				5618F7D21C3FA77A008F1563 /* ViewController.m in Sources */,
				5618F7CF1C3FA77A008F1563 /* AppDelegate.m in Sources */,
				5618F7CC1C3FA77A008F1563 /* main.m in Sources */,
			);
			runOnlyForDeploymentPostprocessing = 0;
		};
/* End PBXSourcesBuildPhase section */

/* Begin PBXVariantGroup section */
		5618F7D31C3FA77A008F1563 /* Main.storyboard */ = {
			isa = PBXVariantGroup;
			children = (
				5618F7D41C3FA77A008F1563 /* Base */,
			);
			name = Main.storyboard;
			sourceTree = "<group>";
		};
		5618F7D81C3FA77A008F1563 /* LaunchScreen.storyboard */ = {
			isa = PBXVariantGroup;
			children = (
				5618F7D91C3FA77A008F1563 /* Base */,
			);
			name = LaunchScreen.storyboard;
			sourceTree = "<group>";
		};
/* End PBXVariantGroup section */

/* Begin XCBuildConfiguration section */
		5618F7DC1C3FA77B008F1563 /* Debug */ = {
			isa = XCBuildConfiguration;
			buildSettings = {
				ALWAYS_SEARCH_USER_PATHS = NO;
				CLANG_CXX_LANGUAGE_STANDARD = "gnu++0x";
				CLANG_CXX_LIBRARY = "libc++";
				CLANG_ENABLE_MODULES = YES;
				CLANG_ENABLE_OBJC_ARC = YES;
				CLANG_WARN_BOOL_CONVERSION = YES;
				CLANG_WARN_CONSTANT_CONVERSION = YES;
				CLANG_WARN_DIRECT_OBJC_ISA_USAGE = YES_ERROR;
				CLANG_WARN_EMPTY_BODY = YES;
				CLANG_WARN_ENUM_CONVERSION = YES;
				CLANG_WARN_INT_CONVERSION = YES;
				CLANG_WARN_OBJC_ROOT_CLASS = YES_ERROR;
				CLANG_WARN_UNREACHABLE_CODE = YES;
				CLANG_WARN__DUPLICATE_METHOD_MATCH = YES;
				"CODE_SIGN_IDENTITY[sdk=iphoneos*]" = "iPhone Developer";
				COPY_PHASE_STRIP = NO;
				DEBUG_INFORMATION_FORMAT = dwarf;
				ENABLE_STRICT_OBJC_MSGSEND = YES;
				ENABLE_TESTABILITY = YES;
				GCC_C_LANGUAGE_STANDARD = gnu99;
				GCC_DYNAMIC_NO_PIC = NO;
				GCC_NO_COMMON_BLOCKS = YES;
				GCC_OPTIMIZATION_LEVEL = 0;
				GCC_PREPROCESSOR_DEFINITIONS = (
					"DEBUG=1",
					"$(inherited)",
				);
				GCC_WARN_64_TO_32_BIT_CONVERSION = YES;
				GCC_WARN_ABOUT_RETURN_TYPE = YES_ERROR;
				GCC_WARN_UNDECLARED_SELECTOR = YES;
				GCC_WARN_UNINITIALIZED_AUTOS = YES_AGGRESSIVE;
				GCC_WARN_UNUSED_FUNCTION = YES;
				GCC_WARN_UNUSED_VARIABLE = YES;
				IPHONEOS_DEPLOYMENT_TARGET = 9.2;
				MTL_ENABLE_DEBUG_INFO = YES;
				ONLY_ACTIVE_ARCH = YES;
				SDKROOT = iphoneos;
			};
			name = Debug;
		};
		5618F7DD1C3FA77B008F1563 /* Release */ = {
			isa = XCBuildConfiguration;
			buildSettings = {
				ALWAYS_SEARCH_USER_PATHS = NO;
				CLANG_CXX_LANGUAGE_STANDARD = "gnu++0x";
				CLANG_CXX_LIBRARY = "libc++";
				CLANG_ENABLE_MODULES = YES;
				CLANG_ENABLE_OBJC_ARC = YES;
				CLANG_WARN_BOOL_CONVERSION = YES;
				CLANG_WARN_CONSTANT_CONVERSION = YES;
				CLANG_WARN_DIRECT_OBJC_ISA_USAGE = YES_ERROR;
				CLANG_WARN_EMPTY_BODY = YES;
				CLANG_WARN_ENUM_CONVERSION = YES;
				CLANG_WARN_INT_CONVERSION = YES;
				CLANG_WARN_OBJC_ROOT_CLASS = YES_ERROR;
				CLANG_WARN_UNREACHABLE_CODE = YES;
				CLANG_WARN__DUPLICATE_METHOD_MATCH = YES;
				"CODE_SIGN_IDENTITY[sdk=iphoneos*]" = "iPhone Developer";
				COPY_PHASE_STRIP = NO;
				DEBUG_INFORMATION_FORMAT = "dwarf-with-dsym";
				ENABLE_NS_ASSERTIONS = NO;
				ENABLE_STRICT_OBJC_MSGSEND = YES;
				GCC_C_LANGUAGE_STANDARD = gnu99;
				GCC_NO_COMMON_BLOCKS = YES;
				GCC_WARN_64_TO_32_BIT_CONVERSION = YES;
				GCC_WARN_ABOUT_RETURN_TYPE = YES_ERROR;
				GCC_WARN_UNDECLARED_SELECTOR = YES;
				GCC_WARN_UNINITIALIZED_AUTOS = YES_AGGRESSIVE;
				GCC_WARN_UNUSED_FUNCTION = YES;
				GCC_WARN_UNUSED_VARIABLE = YES;
				IPHONEOS_DEPLOYMENT_TARGET = 9.2;
				MTL_ENABLE_DEBUG_INFO = NO;
				SDKROOT = iphoneos;
				VALIDATE_PRODUCT = YES;
			};
			name = Release;
		};
		5618F7DF1C3FA77B008F1563 /* Debug */ = {
			isa = XCBuildConfiguration;
			buildSettings = {
				ASSETCATALOG_COMPILER_APPICON_NAME = AppIcon;
				INFOPLIST_FILE = WeiboDemo/Info.plist;
				LD_RUNPATH_SEARCH_PATHS = "$(inherited) @executable_path/Frameworks";
				PRODUCT_BUNDLE_IDENTIFIER = "ten-step.WeiboDemo";
				PRODUCT_NAME = "$(TARGET_NAME)";
			};
			name = Debug;
		};
		5618F7E01C3FA77B008F1563 /* Release */ = {
			isa = XCBuildConfiguration;
			buildSettings = {
				ASSETCATALOG_COMPILER_APPICON_NAME = AppIcon;
				INFOPLIST_FILE = WeiboDemo/Info.plist;
				LD_RUNPATH_SEARCH_PATHS = "$(inherited) @executable_path/Frameworks";
				PRODUCT_BUNDLE_IDENTIFIER = "ten-step.WeiboDemo";
				PRODUCT_NAME = "$(TARGET_NAME)";
			};
			name = Release;
		};
/* End XCBuildConfiguration section */

/* Begin XCConfigurationList section */
		5618F7C21C3FA77A008F1563 /* Build configuration list for PBXProject "WeiboDemo" */ = {
			isa = XCConfigurationList;
			buildConfigurations = (
				5618F7DC1C3FA77B008F1563 /* Debug */,
				5618F7DD1C3FA77B008F1563 /* Release */,
			);
			defaultConfigurationIsVisible = 0;
			defaultConfigurationName = Release;
		};
		5618F7DE1C3FA77B008F1563 /* Build configuration list for PBXNativeTarget "WeiboDemo" */ = {
			isa = XCConfigurationList;
			buildConfigurations = (
				5618F7DF1C3FA77B008F1563 /* Debug */,
				5618F7E01C3FA77B008F1563 /* Release */,
			);
			defaultConfigurationIsVisible = 0;
		};
/* End XCConfigurationList section */
	};
	rootObject = 5618F7BF1C3FA77A008F1563 /* Project object */;
}
