// !$*UTF8*$!
{
	archiveVersion = 1;
	classes = {
	};
	objectVersion = 46;
	objects = {

/* Begin PBXBuildFile section */
		2A0BC7274E1AD166C90E0B7E /* libPods.a in Frameworks */ = {isa = PBXBuildFile; fileRef = 7782FC987B03D03650BF8072 /* libPods.a */; };
		5618F7CC1C3FA77A008F1563 /* main.m in Sources */ = {isa = PBXBuildFile; fileRef = 5618F7CB1C3FA77A008F1563 /* main.m */; };
		5618F7CF1C3FA77A008F1563 /* AppDelegate.m in Sources */ = {isa = PBXBuildFile; fileRef = 5618F7CE1C3FA77A008F1563 /* AppDelegate.m */; };
		5618F7D21C3FA77A008F1563 /* ViewController.m in Sources */ = {isa = PBXBuildFile; fileRef = 5618F7D11C3FA77A008F1563 /* ViewController.m */; };
		5618F7D51C3FA77A008F1563 /* Main.storyboard in Resources */ = {isa = PBXBuildFile; fileRef = 5618F7D31C3FA77A008F1563 /* Main.storyboard */; };
		5618F7D71C3FA77A008F1563 /* Assets.xcassets in Resources */ = {isa = PBXBuildFile; fileRef = 5618F7D61C3FA77A008F1563 /* Assets.xcassets */; };
		5618F7DA1C3FA77A008F1563 /* LaunchScreen.storyboard in Resources */ = {isa = PBXBuildFile; fileRef = 5618F7D81C3FA77A008F1563 /* LaunchScreen.storyboard */; };
		56333B7A1C438B8C00F29B4D /* UIKit.framework in Frameworks */ = {isa = PBXBuildFile; fileRef = 56333B791C438B8C00F29B4D /* UIKit.framework */; };
		56333B7C1C438B9F00F29B4D /* Foundation.framework in Frameworks */ = {isa = PBXBuildFile; fileRef = 56333B7B1C438B9F00F29B4D /* Foundation.framework */; };
		56333B931C43AD3A00F29B4D /* WeiboListController.m in Sources */ = {isa = PBXBuildFile; fileRef = 56333B921C43AD3A00F29B4D /* WeiboListController.m */; };
		56333B991C43ADA300F29B4D /* WeiboCell.m in Sources */ = {isa = PBXBuildFile; fileRef = 56333B981C43ADA300F29B4D /* WeiboCell.m */; };
/* End PBXBuildFile section */

/* Begin PBXFileReference section */
		5618F7C71C3FA77A008F1563 /* WeiboDemo.app */ = {isa = PBXFileReference; explicitFileType = wrapper.application; includeInIndex = 0; path = WeiboDemo.app; sourceTree = BUILT_PRODUCTS_DIR; };
		5618F7CB1C3FA77A008F1563 /* main.m */ = {isa = PBXFileReference; lastKnownFileType = sourcecode.c.objc; path = main.m; sourceTree = "<group>"; };
		5618F7CD1C3FA77A008F1563 /* AppDelegate.h */ = {isa = PBXFileReference; lastKnownFileType = sourcecode.c.h; path = AppDelegate.h; sourceTree = "<group>"; };
		5618F7CE1C3FA77A008F1563 /* AppDelegate.m */ = {isa = PBXFileReference; lastKnownFileType = sourcecode.c.objc; path = AppDelegate.m; sourceTree = "<group>"; };
		5618F7D01C3FA77A008F1563 /* ViewController.h */ = {isa = PBXFileReference; lastKnownFileType = sourcecode.c.h; path = ViewController.h; sourceTree = "<group>"; };
		5618F7D11C3FA77A008F1563 /* ViewController.m */ = {isa = PBXFileReference; lastKnownFileType = sourcecode.c.objc; path = ViewController.m; sourceTree = "<group>"; };
		5618F7D41C3FA77A008F1563 /* Base */ = {isa = PBXFileReference; lastKnownFileType = file.storyboard; name = Base; path = Base.lproj/Main.storyboard; sourceTree = "<group>"; };
		5618F7D61C3FA77A008F1563 /* Assets.xcassets */ = {isa = PBXFileReference; lastKnownFileType = folder.assetcatalog; path = Assets.xcassets; sourceTree = "<group>"; };
		5618F7D91C3FA77A008F1563 /* Base */ = {isa = PBXFileReference; lastKnownFileType = file.storyboard; name = Base; path = Base.lproj/LaunchScreen.storyboard; sourceTree = "<group>"; };
		5618F7DB1C3FA77B008F1563 /* Info.plist */ = {isa = PBXFileReference; lastKnownFileType = text.plist.xml; path = Info.plist; sourceTree = "<group>"; };
		56333B791C438B8C00F29B4D /* UIKit.framework */ = {isa = PBXFileReference; lastKnownFileType = wrapper.framework; name = UIKit.framework; path = System/Library/Frameworks/UIKit.framework; sourceTree = SDKROOT; };
		56333B7B1C438B9F00F29B4D /* Foundation.framework */ = {isa = PBXFileReference; lastKnownFileType = wrapper.framework; name = Foundation.framework; path = System/Library/Frameworks/Foundation.framework; sourceTree = SDKROOT; };
		56333B841C43A35B00F29B4D /* PrefixHeader.pch */ = {isa = PBXFileReference; lastKnownFileType = sourcecode.c.h; path = PrefixHeader.pch; sourceTree = "<group>"; };
		56333B911C43AD3A00F29B4D /* WeiboListController.h */ = {isa = PBXFileReference; fileEncoding = 4; lastKnownFileType = sourcecode.c.h; path = WeiboListController.h; sourceTree = "<group>"; };
		56333B921C43AD3A00F29B4D /* WeiboListController.m */ = {isa = PBXFileReference; fileEncoding = 4; lastKnownFileType = sourcecode.c.objc; path = WeiboListController.m; sourceTree = "<group>"; };
		56333B971C43ADA300F29B4D /* WeiboCell.h */ = {isa = PBXFileReference; fileEncoding = 4; lastKnownFileType = sourcecode.c.h; path = WeiboCell.h; sourceTree = "<group>"; };
		56333B981C43ADA300F29B4D /* WeiboCell.m */ = {isa = PBXFileReference; fileEncoding = 4; lastKnownFileType = sourcecode.c.objc; path = WeiboCell.m; sourceTree = "<group>"; };
		7782FC987B03D03650BF8072 /* libPods.a */ = {isa = PBXFileReference; explicitFileType = archive.ar; includeInIndex = 0; path = libPods.a; sourceTree = BUILT_PRODUCTS_DIR; };
		A3E27D7CBD23AAF6C76853E5 /* Pods.debug.xcconfig */ = {isa = PBXFileReference; includeInIndex = 1; lastKnownFileType = text.xcconfig; name = Pods.debug.xcconfig; path = "Pods/Target Support Files/Pods/Pods.debug.xcconfig"; sourceTree = "<group>"; };
		BCB70D6347B2D97E0359A27B /* Pods.release.xcconfig */ = {isa = PBXFileReference; includeInIndex = 1; lastKnownFileType = text.xcconfig; name = Pods.release.xcconfig; path = "Pods/Target Support Files/Pods/Pods.release.xcconfig"; sourceTree = "<group>"; };
/* End PBXFileReference section */

/* Begin PBXFrameworksBuildPhase section */
		5618F7C41C3FA77A008F1563 /* Frameworks */ = {
			isa = PBXFrameworksBuildPhase;
			buildActionMask = 2147483647;
			files = (
				56333B7C1C438B9F00F29B4D /* Foundation.framework in Frameworks */,
				56333B7A1C438B8C00F29B4D /* UIKit.framework in Frameworks */,
				2A0BC7274E1AD166C90E0B7E /* libPods.a in Frameworks */,
			);
			runOnlyForDeploymentPostprocessing = 0;
		};
/* End PBXFrameworksBuildPhase section */

/* Begin PBXGroup section */
		5618F7BE1C3FA77A008F1563 = {
			isa = PBXGroup;
			children = (
				5618F7C91C3FA77A008F1563 /* WeiboDemo */,
				5618F7C81C3FA77A008F1563 /* Products */,
				B0C56C822E1C228FBEE90450 /* Pods */,
				B313D919E8281EB5D343E14E /* Frameworks */,
			);
			sourceTree = "<group>";
		};
		5618F7C81C3FA77A008F1563 /* Products */ = {
			isa = PBXGroup;
			children = (
				5618F7C71C3FA77A008F1563 /* WeiboDemo.app */,
			);
			name = Products;
			sourceTree = "<group>";
		};
		5618F7C91C3FA77A008F1563 /* WeiboDemo */ = {
			isa = PBXGroup;
			children = (
				5618F7CD1C3FA77A008F1563 /* AppDelegate.h */,
				5618F7CE1C3FA77A008F1563 /* AppDelegate.m */,
				56333B951C43AD5200F29B4D /* model */,
				56333B961C43AD5700F29B4D /* view */,
				56333B941C43AD4300F29B4D /* controller */,
				5618F7D31C3FA77A008F1563 /* Main.storyboard */,
				5618F7D61C3FA77A008F1563 /* Assets.xcassets */,
				5618F7D81C3FA77A008F1563 /* LaunchScreen.storyboard */,
				5618F7DB1C3FA77B008F1563 /* Info.plist */,
				5618F7CA1C3FA77A008F1563 /* Supporting Files */,
			);
			path = WeiboDemo;
			sourceTree = "<group>";
		};
		5618F7CA1C3FA77A008F1563 /* Supporting Files */ = {
			isa = PBXGroup;
			children = (
				5618F7CB1C3FA77A008F1563 /* main.m */,
				56333B841C43A35B00F29B4D /* PrefixHeader.pch */,
			);
			name = "Supporting Files";
			sourceTree = "<group>";
		};
		56333B941C43AD4300F29B4D /* controller */ = {
			isa = PBXGroup;
			children = (
				5618F7D01C3FA77A008F1563 /* ViewController.h */,
				5618F7D11C3FA77A008F1563 /* ViewController.m */,
				56333B911C43AD3A00F29B4D /* WeiboListController.h */,
				56333B921C43AD3A00F29B4D /* WeiboListController.m */,
			);
			name = controller;
			sourceTree = "<group>";
		};
		56333B951C43AD5200F29B4D /* model */ = {
			isa = PBXGroup;
			children = (
			);
			name = model;
			sourceTree = "<group>";
		};
		56333B961C43AD5700F29B4D /* view */ = {
			isa = PBXGroup;
			children = (
				56333B971C43ADA300F29B4D /* WeiboCell.h */,
				56333B981C43ADA300F29B4D /* WeiboCell.m */,
			);
			name = view;
			sourceTree = "<group>";
		};
		B0C56C822E1C228FBEE90450 /* Pods */ = {
			isa = PBXGroup;
			children = (
				A3E27D7CBD23AAF6C76853E5 /* Pods.debug.xcconfig */,
				BCB70D6347B2D97E0359A27B /* Pods.release.xcconfig */,
			);
			name = Pods;
			sourceTree = "<group>";
		};
		B313D919E8281EB5D343E14E /* Frameworks */ = {
			isa = PBXGroup;
			children = (
				56333B7B1C438B9F00F29B4D /* Foundation.framework */,
				56333B791C438B8C00F29B4D /* UIKit.framework */,
				7782FC987B03D03650BF8072 /* libPods.a */,
			);
			name = Frameworks;
			sourceTree = "<group>";
		};
/* End PBXGroup section */

/* Begin PBXNativeTarget section */
		5618F7C61C3FA77A008F1563 /* WeiboDemo */ = {
			isa = PBXNativeTarget;
			buildConfigurationList = 5618F7DE1C3FA77B008F1563 /* Build configuration list for PBXNativeTarget "WeiboDemo" */;
			buildPhases = (
				519EA4A9AE3BE950FB2FFD27 /* Check Pods Manifest.lock */,
				5618F7C31C3FA77A008F1563 /* Sources */,
				5618F7C41C3FA77A008F1563 /* Frameworks */,
				5618F7C51C3FA77A008F1563 /* Resources */,
				6CF3ADC3489BFBBC9B05E76A /* Embed Pods Frameworks */,
				17B3336BE11384F9A92B1A8D /* Copy Pods Resources */,
			);
			buildRules = (
			);
			dependencies = (
			);
			name = WeiboDemo;
			productName = WeiboDemo;
			productReference = 5618F7C71C3FA77A008F1563 /* WeiboDemo.app */;
			productType = "com.apple.product-type.application";
		};
/* End PBXNativeTarget section */

/* Begin PBXProject section */
		5618F7BF1C3FA77A008F1563 /* Project object */ = {
			isa = PBXProject;
			attributes = {
				LastUpgradeCheck = 0720;
				ORGANIZATIONNAME = "ten-step";
				TargetAttributes = {
					5618F7C61C3FA77A008F1563 = {
						CreatedOnToolsVersion = 7.2;
						DevelopmentTeam = RF5FKDJ4K4;
					};
				};
			};
			buildConfigurationList = 5618F7C21C3FA77A008F1563 /* Build configuration list for PBXProject "WeiboDemo" */;
			compatibilityVersion = "Xcode 3.2";
			developmentRegion = English;
			hasScannedForEncodings = 0;
			knownRegions = (
				en,
				Base,
			);
			mainGroup = 5618F7BE1C3FA77A008F1563;
			productRefGroup = 5618F7C81C3FA77A008F1563 /* Products */;
			projectDirPath = "";
			projectRoot = "";
			targets = (
				5618F7C61C3FA77A008F1563 /* WeiboDemo */,
			);
		};
/* End PBXProject section */

/* Begin PBXResourcesBuildPhase section */
		5618F7C51C3FA77A008F1563 /* Resources */ = {
			isa = PBXResourcesBuildPhase;
			buildActionMask = 2147483647;
			files = (
				5618F7DA1C3FA77A008F1563 /* LaunchScreen.storyboard in Resources */,
				5618F7D71C3FA77A008F1563 /* Assets.xcassets in Resources */,
				5618F7D51C3FA77A008F1563 /* Main.storyboard in Resources */,
			);
			runOnlyForDeploymentPostprocessing = 0;
		};
/* End PBXResourcesBuildPhase section */

/* Begin PBXShellScriptBuildPhase section */
		17B3336BE11384F9A92B1A8D /* Copy Pods Resources */ = {
			isa = PBXShellScriptBuildPhase;
			buildActionMask = 2147483647;
			files = (
			);
			inputPaths = (
			);
			name = "Copy Pods Resources";
			outputPaths = (
			);
			runOnlyForDeploymentPostprocessing = 0;
			shellPath = /bin/sh;
			shellScript = "\"${SRCROOT}/Pods/Target Support Files/Pods/Pods-resources.sh\"\n";
			showEnvVarsInLog = 0;
		};
		519EA4A9AE3BE950FB2FFD27 /* Check Pods Manifest.lock */ = {
			isa = PBXShellScriptBuildPhase;
			buildActionMask = 2147483647;
			files = (
			);
			inputPaths = (
			);
			name = "Check Pods Manifest.lock";
			outputPaths = (
			);
			runOnlyForDeploymentPostprocessing = 0;
			shellPath = /bin/sh;
			shellScript = "diff \"${PODS_ROOT}/../Podfile.lock\" \"${PODS_ROOT}/Manifest.lock\" > /dev/null\nif [[ $? != 0 ]] ; then\n    cat << EOM\nerror: The sandbox is not in sync with the Podfile.lock. Run 'pod install' or update your CocoaPods installation.\nEOM\n    exit 1\nfi\n";
			showEnvVarsInLog = 0;
		};
		6CF3ADC3489BFBBC9B05E76A /* Embed Pods Frameworks */ = {
			isa = PBXShellScriptBuildPhase;
			buildActionMask = 2147483647;
			files = (
			);
			inputPaths = (
			);
			name = "Embed Pods Frameworks";
			outputPaths = (
			);
			runOnlyForDeploymentPostprocessing = 0;
			shellPath = /bin/sh;
			shellScript = "\"${SRCROOT}/Pods/Target Support Files/Pods/Pods-frameworks.sh\"\n";
			showEnvVarsInLog = 0;
		};
/* End PBXShellScriptBuildPhase section */

/* Begin PBXSourcesBuildPhase section */
		5618F7C31C3FA77A008F1563 /* Sources */ = {
			isa = PBXSourcesBuildPhase;
			buildActionMask = 2147483647;
			files = (
				5618F7D21C3FA77A008F1563 /* ViewController.m in Sources */,
				56333B991C43ADA300F29B4D /* WeiboCell.m in Sources */,
				5618F7CF1C3FA77A008F1563 /* AppDelegate.m in Sources */,
				56333B931C43AD3A00F29B4D /* WeiboListController.m in Sources */,
				5618F7CC1C3FA77A008F1563 /* main.m in Sources */,
			);
			runOnlyForDeploymentPostprocessing = 0;
		};
/* End PBXSourcesBuildPhase section */

/* Begin PBXVariantGroup section */
		5618F7D31C3FA77A008F1563 /* Main.storyboard */ = {
			isa = PBXVariantGroup;
			children = (
				5618F7D41C3FA77A008F1563 /* Base */,
			);
			name = Main.storyboard;
			sourceTree = "<group>";
		};
		5618F7D81C3FA77A008F1563 /* LaunchScreen.storyboard */ = {
			isa = PBXVariantGroup;
			children = (
				5618F7D91C3FA77A008F1563 /* Base */,
			);
			name = LaunchScreen.storyboard;
			sourceTree = "<group>";
		};
/* End PBXVariantGroup section */

/* Begin XCBuildConfiguration section */
		5618F7DC1C3FA77B008F1563 /* Debug */ = {
			isa = XCBuildConfiguration;
			buildSettings = {
				ALWAYS_SEARCH_USER_PATHS = NO;
				CLANG_CXX_LANGUAGE_STANDARD = "gnu++0x";
				CLANG_CXX_LIBRARY = "libc++";
				CLANG_ENABLE_MODULES = YES;
				CLANG_ENABLE_OBJC_ARC = YES;
				CLANG_WARN_BOOL_CONVERSION = YES;
				CLANG_WARN_CONSTANT_CONVERSION = YES;
				CLANG_WARN_DIRECT_OBJC_ISA_USAGE = YES_ERROR;
				CLANG_WARN_EMPTY_BODY = YES;
				CLANG_WARN_ENUM_CONVERSION = YES;
				CLANG_WARN_INT_CONVERSION = YES;
				CLANG_WARN_OBJC_ROOT_CLASS = YES_ERROR;
				CLANG_WARN_UNREACHABLE_CODE = YES;
				CLANG_WARN__DUPLICATE_METHOD_MATCH = YES;
				"CODE_SIGN_IDENTITY[sdk=iphoneos*]" = "iPhone Developer";
				COPY_PHASE_STRIP = NO;
				DEBUG_INFORMATION_FORMAT = dwarf;
				ENABLE_STRICT_OBJC_MSGSEND = YES;
				ENABLE_TESTABILITY = YES;
				GCC_C_LANGUAGE_STANDARD = gnu99;
				GCC_DYNAMIC_NO_PIC = NO;
				GCC_NO_COMMON_BLOCKS = YES;
				GCC_OPTIMIZATION_LEVEL = 0;
				GCC_PREPROCESSOR_DEFINITIONS = (
					"DEBUG=1",
					"$(inherited)",
				);
				GCC_WARN_64_TO_32_BIT_CONVERSION = YES;
				GCC_WARN_ABOUT_RETURN_TYPE = YES_ERROR;
				GCC_WARN_UNDECLARED_SELECTOR = YES;
				GCC_WARN_UNINITIALIZED_AUTOS = YES_AGGRESSIVE;
				GCC_WARN_UNUSED_FUNCTION = YES;
				GCC_WARN_UNUSED_VARIABLE = YES;
				IPHONEOS_DEPLOYMENT_TARGET = 9.2;
				MTL_ENABLE_DEBUG_INFO = YES;
				ONLY_ACTIVE_ARCH = YES;
				SDKROOT = iphoneos;
			};
			name = Debug;
		};
		5618F7DD1C3FA77B008F1563 /* Release */ = {
			isa = XCBuildConfiguration;
			buildSettings = {
				ALWAYS_SEARCH_USER_PATHS = NO;
				CLANG_CXX_LANGUAGE_STANDARD = "gnu++0x";
				CLANG_CXX_LIBRARY = "libc++";
				CLANG_ENABLE_MODULES = YES;
				CLANG_ENABLE_OBJC_ARC = YES;
				CLANG_WARN_BOOL_CONVERSION = YES;
				CLANG_WARN_CONSTANT_CONVERSION = YES;
				CLANG_WARN_DIRECT_OBJC_ISA_USAGE = YES_ERROR;
				CLANG_WARN_EMPTY_BODY = YES;
				CLANG_WARN_ENUM_CONVERSION = YES;
				CLANG_WARN_INT_CONVERSION = YES;
				CLANG_WARN_OBJC_ROOT_CLASS = YES_ERROR;
				CLANG_WARN_UNREACHABLE_CODE = YES;
				CLANG_WARN__DUPLICATE_METHOD_MATCH = YES;
				"CODE_SIGN_IDENTITY[sdk=iphoneos*]" = "iPhone Developer";
				COPY_PHASE_STRIP = NO;
				DEBUG_INFORMATION_FORMAT = "dwarf-with-dsym";
				ENABLE_NS_ASSERTIONS = NO;
				ENABLE_STRICT_OBJC_MSGSEND = YES;
				GCC_C_LANGUAGE_STANDARD = gnu99;
				GCC_NO_COMMON_BLOCKS = YES;
				GCC_WARN_64_TO_32_BIT_CONVERSION = YES;
				GCC_WARN_ABOUT_RETURN_TYPE = YES_ERROR;
				GCC_WARN_UNDECLARED_SELECTOR = YES;
				GCC_WARN_UNINITIALIZED_AUTOS = YES_AGGRESSIVE;
				GCC_WARN_UNUSED_FUNCTION = YES;
				GCC_WARN_UNUSED_VARIABLE = YES;
				IPHONEOS_DEPLOYMENT_TARGET = 9.2;
				MTL_ENABLE_DEBUG_INFO = NO;
				SDKROOT = iphoneos;
				VALIDATE_PRODUCT = YES;
			};
			name = Release;
		};
		5618F7DF1C3FA77B008F1563 /* Debug */ = {
			isa = XCBuildConfiguration;
			baseConfigurationReference = A3E27D7CBD23AAF6C76853E5 /* Pods.debug.xcconfig */;
			buildSettings = {
				ASSETCATALOG_COMPILER_APPICON_NAME = AppIcon;
				INFOPLIST_FILE = WeiboDemo/Info.plist;
				IPHONEOS_DEPLOYMENT_TARGET = 7.0;
				LD_RUNPATH_SEARCH_PATHS = "$(inherited) @executable_path/Frameworks";
				PRODUCT_BUNDLE_IDENTIFIER = "ten-step.WeiboDemo";
				PRODUCT_NAME = "$(TARGET_NAME)";
			};
			name = Debug;
		};
		5618F7E01C3FA77B008F1563 /* Release */ = {
			isa = XCBuildConfiguration;
			baseConfigurationReference = BCB70D6347B2D97E0359A27B /* Pods.release.xcconfig */;
			buildSettings = {
				ASSETCATALOG_COMPILER_APPICON_NAME = AppIcon;
				INFOPLIST_FILE = WeiboDemo/Info.plist;
				IPHONEOS_DEPLOYMENT_TARGET = 7.0;
				LD_RUNPATH_SEARCH_PATHS = "$(inherited) @executable_path/Frameworks";
				PRODUCT_BUNDLE_IDENTIFIER = "ten-step.WeiboDemo";
				PRODUCT_NAME = "$(TARGET_NAME)";
			};
			name = Release;
		};
/* End XCBuildConfiguration section */

/* Begin XCConfigurationList section */
		5618F7C21C3FA77A008F1563 /* Build configuration list for PBXProject "WeiboDemo" */ = {
			isa = XCConfigurationList;
			buildConfigurations = (
				5618F7DC1C3FA77B008F1563 /* Debug */,
				5618F7DD1C3FA77B008F1563 /* Release */,
			);
			defaultConfigurationIsVisible = 0;
			defaultConfigurationName = Release;
		};
		5618F7DE1C3FA77B008F1563 /* Build configuration list for PBXNativeTarget "WeiboDemo" */ = {
			isa = XCConfigurationList;
			buildConfigurations = (
				5618F7DF1C3FA77B008F1563 /* Debug */,
				5618F7E01C3FA77B008F1563 /* Release */,
			);
			defaultConfigurationIsVisible = 0;
			defaultConfigurationName = Release;
		};
/* End XCConfigurationList section */
	};
	rootObject = 5618F7BF1C3FA77A008F1563 /* Project object */;
}
